<Solution>
  <Folder Name="/src/">
    <Project Path="src/NodeEditor.Core/NodeEditor.Core.csproj" />
    <Project Path="src/NodeEditor.Demo/NodeEditor.Demo.csproj" />
    <Project Path="src/NodeEditor.Primitives/NodeEditor.Primitives.csproj" />
    <Project Path="src/NodeEditor.UI/NodeEditor.UI.csproj" />
  </Folder>
  <Folder Name="/tests/">
    <Project Path="tests/NodeEditor.Core.Tests/NodeEditor.Core.Tests.csproj" />
    <Project Path="tests/NodeEditor.UI.Tests/NodeEditor.UI.Tests.csproj" />
  </Folder>
</Solution>
